
Microsoft Visual Studio Solution File, Format Version 12.00
# Visual Studio Version 17
VisualStudioVersion = 17.0.31903.59
MinimumVisualStudioVersion = 10.0.40219.1
Project("{FAE04EC0-301F-11D3-BF4B-00C04F79EFBC}") = "Calculadora", "Calculadora\Calculadora.csproj", "{4F608A40-E4B1-4E40-9C30-2BA88AFA09E7}"
EndProject
Project("{FAE04EC0-301F-11D3-BF4B-00C04F79EFBC}") = "CalculadoraTestes", "CalculadoraTestes\CalculadoraTestes.csproj", "{ED01D1D1-1A62-4AFF-9A91-AC22FA4A6E5F}"
EndProject
Global
	GlobalSection(SolutionConfigurationPlatforms) = preSolution
		Debug|Any CPU = Debug|Any CPU
		Release|Any CPU = Release|Any CPU
	EndGlobalSection
	GlobalSection(SolutionProperties) = preSolution
		HideSolutionNode = FALSE
	EndGlobalSection
	GlobalSection(ProjectConfigurationPlatforms) = postSolution
		{4F608A40-E4B1-4E40-9C30-2BA88AFA09E7}.Debug|Any CPU.ActiveCfg = Debug|Any CPU
		{4F608A40-E4B1-4E40-9C30-2BA88AFA09E7}.Debug|Any CPU.Build.0 = Debug|Any CPU
		{4F608A40-E4B1-4E40-9C30-2BA88AFA09E7}.Release|Any CPU.ActiveCfg = Release|Any CPU
		{4F608A40-E4B1-4E40-9C30-2BA88AFA09E7}.Release|Any CPU.Build.0 = Release|Any CPU
		{ED01D1D1-1A62-4AFF-9A91-AC22FA4A6E5F}.Debug|Any CPU.ActiveCfg = Debug|Any CPU
		{ED01D1D1-1A62-4AFF-9A91-AC22FA4A6E5F}.Debug|Any CPU.Build.0 = Debug|Any CPU
		{ED01D1D1-1A62-4AFF-9A91-AC22FA4A6E5F}.Release|Any CPU.ActiveCfg = Release|Any CPU
		{ED01D1D1-1A62-4AFF-9A91-AC22FA4A6E5F}.Release|Any CPU.Build.0 = Release|Any CPU
	EndGlobalSection
EndGlobal
